
Microsoft Visual Studio Solution File, Format Version 12.00
# Visual Studio 15
VisualStudioVersion = 15.0.26730.12
MinimumVisualStudioVersion = 10.0.40219.1
Project("{88A30576-7583-4F75-8136-5EFD2C14ADFF}") = "CrmPackage", "CrmPackage\CrmPackage.csproj", "{5CF0E86A-4EFF-4236-9F59-4974336B8BB3}"
	ProjectSection(ProjectDependencies) = postProject
		{864AD640-C2A4-496E-ACE1-8ACCE6011EED} = {864AD640-C2A4-496E-ACE1-8ACCE6011EED}
	EndProjectSection
EndProject
Project("{FAE04EC0-301F-11D3-BF4B-00C04F79EFBC}") = "SmartButtons.ClientHooks", "SmartButtons.ClientHooks\SmartButtons.ClientHooks.csproj", "{864AD640-C2A4-496E-ACE1-8ACCE6011EED}"
EndProject
Global
	GlobalSection(SolutionConfigurationPlatforms) = preSolution
		Debug|Any CPU = Debug|Any CPU
		Release|Any CPU = Release|Any CPU
	EndGlobalSection
	GlobalSection(ProjectConfigurationPlatforms) = postSolution
		{5CF0E86A-4EFF-4236-9F59-4974336B8BB3}.Debug|Any CPU.ActiveCfg = Debug|Any CPU
		{5CF0E86A-4EFF-4236-9F59-4974336B8BB3}.Debug|Any CPU.Build.0 = Debug|Any CPU
		{5CF0E86A-4EFF-4236-9F59-4974336B8BB3}.Debug|Any CPU.Deploy.0 = Debug|Any CPU
		{5CF0E86A-4EFF-4236-9F59-4974336B8BB3}.Release|Any CPU.ActiveCfg = Release|Any CPU
		{5CF0E86A-4EFF-4236-9F59-4974336B8BB3}.Release|Any CPU.Build.0 = Release|Any CPU
		{5CF0E86A-4EFF-4236-9F59-4974336B8BB3}.Release|Any CPU.Deploy.0 = Release|Any CPU
		{864AD640-C2A4-496E-ACE1-8ACCE6011EED}.Debug|Any CPU.ActiveCfg = Debug|Any CPU
		{864AD640-C2A4-496E-ACE1-8ACCE6011EED}.Debug|Any CPU.Build.0 = Debug|Any CPU
		{864AD640-C2A4-496E-ACE1-8ACCE6011EED}.Release|Any CPU.ActiveCfg = Release|Any CPU
		{864AD640-C2A4-496E-ACE1-8ACCE6011EED}.Release|Any CPU.Build.0 = Release|Any CPU
	EndGlobalSection
	GlobalSection(SolutionProperties) = preSolution
		HideSolutionNode = FALSE
	EndGlobalSection
	GlobalSection(ExtensibilityGlobals) = postSolution
		SolutionGuid = {B70FB5BD-21C6-4FA3-95BC-DF5A72EDECB0}
	EndGlobalSection
	GlobalSection(CRMSolutionProperties) = preSolution
		SolutionIsBoundToCRM = True
	EndGlobalSection
EndGlobal
